
Microsoft Visual Studio Solution File, Format Version 12.00
# Visual Studio 15
Project("{FAE04EC0-301F-11D3-BF4B-00C04F79EFBC}") = "Assembly-CSharp", "Assembly-CSharp.csproj", "{D3995E12-5205-A57F-30F1-1C197EA54F6F}"
EndProject
Project("{FAE04EC0-301F-11D3-BF4B-00C04F79EFBC}") = "Assembly-CSharp-Editor", "Assembly-CSharp-Editor.csproj", "{5849926A-43B3-6FD3-D745-2D683F747F50}"
EndProject
Global
	GlobalSection(SolutionConfigurationPlatforms) = preSolution
		Debug|Any CPU = Debug|Any CPU
		Release|Any CPU = Release|Any CPU
	EndGlobalSection
	GlobalSection(ProjectConfigurationPlatforms) = postSolution
		{D3995E12-5205-A57F-30F1-1C197EA54F6F}.Debug|Any CPU.ActiveCfg = Debug|Any CPU
		{D3995E12-5205-A57F-30F1-1C197EA54F6F}.Debug|Any CPU.Build.0 = Debug|Any CPU
		{D3995E12-5205-A57F-30F1-1C197EA54F6F}.Release|Any CPU.ActiveCfg = Release|Any CPU
		{D3995E12-5205-A57F-30F1-1C197EA54F6F}.Release|Any CPU.Build.0 = Release|Any CPU
		{5849926A-43B3-6FD3-D745-2D683F747F50}.Debug|Any CPU.ActiveCfg = Debug|Any CPU
		{5849926A-43B3-6FD3-D745-2D683F747F50}.Debug|Any CPU.Build.0 = Debug|Any CPU
		{5849926A-43B3-6FD3-D745-2D683F747F50}.Release|Any CPU.ActiveCfg = Release|Any CPU
		{5849926A-43B3-6FD3-D745-2D683F747F50}.Release|Any CPU.Build.0 = Release|Any CPU
	EndGlobalSection
	GlobalSection(SolutionProperties) = preSolution
		HideSolutionNode = FALSE
	EndGlobalSection
EndGlobal
